// !$*UTF8*$!
{
	archiveVersion = 1;
	classes = {
	};
	objectVersion = 51;
	objects = {

/* Begin PBXBuildFile section */
		4500DD0B26969786006C3496 /* SongsModel.swift in Sources */ = {isa = PBXBuildFile; fileRef = 4500DD0A26969786006C3496 /* SongsModel.swift */; };
		45521FB3269976D300A71922 /* SongViewModel.swift in Sources */ = {isa = PBXBuildFile; fileRef = 45521FB2269976D300A71922 /* SongViewModel.swift */; };
		45521FB62699882000A71922 /* SongTableViewCell.swift in Sources */ = {isa = PBXBuildFile; fileRef = 45521FB52699882000A71922 /* SongTableViewCell.swift */; };
		45521FBA26998DB300A71922 /* SongTableViewCell.xib in Resources */ = {isa = PBXBuildFile; fileRef = 45521FB926998DB300A71922 /* SongTableViewCell.xib */; };
		4565160526948921002D5CF8 /* AppDelegate.swift in Sources */ = {isa = PBXBuildFile; fileRef = 4565160426948921002D5CF8 /* AppDelegate.swift */; };
		4565160726948921002D5CF8 /* SceneDelegate.swift in Sources */ = {isa = PBXBuildFile; fileRef = 4565160626948921002D5CF8 /* SceneDelegate.swift */; };
		4565160926948921002D5CF8 /* SongslistingViewControler.swift in Sources */ = {isa = PBXBuildFile; fileRef = 4565160826948921002D5CF8 /* SongslistingViewControler.swift */; };
		4565160C26948921002D5CF8 /* Main.storyboard in Resources */ = {isa = PBXBuildFile; fileRef = 4565160A26948921002D5CF8 /* Main.storyboard */; };
		4565160E26948923002D5CF8 /* Assets.xcassets in Resources */ = {isa = PBXBuildFile; fileRef = 4565160D26948923002D5CF8 /* Assets.xcassets */; };
		4565161126948923002D5CF8 /* LaunchScreen.storyboard in Resources */ = {isa = PBXBuildFile; fileRef = 4565160F26948923002D5CF8 /* LaunchScreen.storyboard */; };
		4565161C26948923002D5CF8 /* CrownStack_abhinavTests.swift in Sources */ = {isa = PBXBuildFile; fileRef = 4565161B26948923002D5CF8 /* CrownStack_abhinavTests.swift */; };
		4565162726948923002D5CF8 /* CrownStack_abhinavUITests.swift in Sources */ = {isa = PBXBuildFile; fileRef = 4565162626948923002D5CF8 /* CrownStack_abhinavUITests.swift */; };
		4565163626948BAA002D5CF8 /* Common.swift in Sources */ = {isa = PBXBuildFile; fileRef = 4565163526948BAA002D5CF8 /* Common.swift */; };
		4565163926948C0E002D5CF8 /* HttpUtility.swift in Sources */ = {isa = PBXBuildFile; fileRef = 4565163826948C0E002D5CF8 /* HttpUtility.swift */; };
		457EC2E5269A8BAC004E7718 /* CardView.swift in Sources */ = {isa = PBXBuildFile; fileRef = 457EC2E4269A8BAC004E7718 /* CardView.swift */; };
		457EC2E8269A8CC5004E7718 /* BaseViewControler.swift in Sources */ = {isa = PBXBuildFile; fileRef = 457EC2E7269A8CC5004E7718 /* BaseViewControler.swift */; };
		457EC2EA269A8D46004E7718 /* SongDetilsViewController.swift in Sources */ = {isa = PBXBuildFile; fileRef = 457EC2E9269A8D46004E7718 /* SongDetilsViewController.swift */; };
		799463D513715A4167D6194D /* Pods_CrownStack_abhinav.framework in Frameworks */ = {isa = PBXBuildFile; fileRef = 8853C62F3353746D43208FDA /* Pods_CrownStack_abhinav.framework */; };
/* End PBXBuildFile section */

/* Begin PBXContainerItemProxy section */
		4565161826948923002D5CF8 /* PBXContainerItemProxy */ = {
			isa = PBXContainerItemProxy;
			containerPortal = 456515F926948921002D5CF8 /* Project object */;
			proxyType = 1;
			remoteGlobalIDString = 4565160026948921002D5CF8;
			remoteInfo = CrownStack_abhinav;
		};
		4565162326948923002D5CF8 /* PBXContainerItemProxy */ = {
			isa = PBXContainerItemProxy;
			containerPortal = 456515F926948921002D5CF8 /* Project object */;
			proxyType = 1;
			remoteGlobalIDString = 4565160026948921002D5CF8;
			remoteInfo = CrownStack_abhinav;
		};
/* End PBXContainerItemProxy section */

/* Begin PBXFileReference section */
		03DF06B2DDE84650C4AA8E8B /* Pods-CrownStack_abhinav-CrownStack_abhinavUITests.debug.xcconfig */ = {isa = PBXFileReference; includeInIndex = 1; lastKnownFileType = text.xcconfig; name = "Pods-CrownStack_abhinav-CrownStack_abhinavUITests.debug.xcconfig"; path = "Target Support Files/Pods-CrownStack_abhinav-CrownStack_abhinavUITests/Pods-CrownStack_abhinav-CrownStack_abhinavUITests.debug.xcconfig"; sourceTree = "<group>"; };
		2D49765618349896912AB3DE /* Pods-CrownStack_abhinav-CrownStack_abhinavUITests.release.xcconfig */ = {isa = PBXFileReference; includeInIndex = 1; lastKnownFileType = text.xcconfig; name = "Pods-CrownStack_abhinav-CrownStack_abhinavUITests.release.xcconfig"; path = "Target Support Files/Pods-CrownStack_abhinav-CrownStack_abhinavUITests/Pods-CrownStack_abhinav-CrownStack_abhinavUITests.release.xcconfig"; sourceTree = "<group>"; };
		36D7D9063A053049C2A64EBA /* Pods-CrownStack_abhinavTests.release.xcconfig */ = {isa = PBXFileReference; includeInIndex = 1; lastKnownFileType = text.xcconfig; name = "Pods-CrownStack_abhinavTests.release.xcconfig"; path = "Target Support Files/Pods-CrownStack_abhinavTests/Pods-CrownStack_abhinavTests.release.xcconfig"; sourceTree = "<group>"; };
		4500DD0A26969786006C3496 /* SongsModel.swift */ = {isa = PBXFileReference; lastKnownFileType = sourcecode.swift; path = SongsModel.swift; sourceTree = "<group>"; };
		45521FB2269976D300A71922 /* SongViewModel.swift */ = {isa = PBXFileReference; lastKnownFileType = sourcecode.swift; path = SongViewModel.swift; sourceTree = "<group>"; };
		45521FB52699882000A71922 /* SongTableViewCell.swift */ = {isa = PBXFileReference; lastKnownFileType = sourcecode.swift; path = SongTableViewCell.swift; sourceTree = "<group>"; };
		45521FB926998DB300A71922 /* SongTableViewCell.xib */ = {isa = PBXFileReference; lastKnownFileType = file.xib; path = SongTableViewCell.xib; sourceTree = "<group>"; };
		4565160126948921002D5CF8 /* CrownStack_abhinav.app */ = {isa = PBXFileReference; explicitFileType = wrapper.application; includeInIndex = 0; path = CrownStack_abhinav.app; sourceTree = BUILT_PRODUCTS_DIR; };
		4565160426948921002D5CF8 /* AppDelegate.swift */ = {isa = PBXFileReference; lastKnownFileType = sourcecode.swift; path = AppDelegate.swift; sourceTree = "<group>"; };
		4565160626948921002D5CF8 /* SceneDelegate.swift */ = {isa = PBXFileReference; lastKnownFileType = sourcecode.swift; path = SceneDelegate.swift; sourceTree = "<group>"; };
		4565160826948921002D5CF8 /* SongslistingViewControler.swift */ = {isa = PBXFileReference; lastKnownFileType = sourcecode.swift; path = SongslistingViewControler.swift; sourceTree = "<group>"; };
		4565160B26948921002D5CF8 /* Base */ = {isa = PBXFileReference; lastKnownFileType = file.storyboard; name = Base; path = Base.lproj/Main.storyboard; sourceTree = "<group>"; };
		4565160D26948923002D5CF8 /* Assets.xcassets */ = {isa = PBXFileReference; lastKnownFileType = folder.assetcatalog; path = Assets.xcassets; sourceTree = "<group>"; };
		4565161026948923002D5CF8 /* Base */ = {isa = PBXFileReference; lastKnownFileType = file.storyboard; name = Base; path = Base.lproj/LaunchScreen.storyboard; sourceTree = "<group>"; };
		4565161226948923002D5CF8 /* Info.plist */ = {isa = PBXFileReference; lastKnownFileType = text.plist.xml; path = Info.plist; sourceTree = "<group>"; };
		4565161726948923002D5CF8 /* CrownStack_abhinavTests.xctest */ = {isa = PBXFileReference; explicitFileType = wrapper.cfbundle; includeInIndex = 0; path = CrownStack_abhinavTests.xctest; sourceTree = BUILT_PRODUCTS_DIR; };
		4565161B26948923002D5CF8 /* CrownStack_abhinavTests.swift */ = {isa = PBXFileReference; lastKnownFileType = sourcecode.swift; path = CrownStack_abhinavTests.swift; sourceTree = "<group>"; };
		4565161D26948923002D5CF8 /* Info.plist */ = {isa = PBXFileReference; lastKnownFileType = text.plist.xml; path = Info.plist; sourceTree = "<group>"; };
		4565162226948923002D5CF8 /* CrownStack_abhinavUITests.xctest */ = {isa = PBXFileReference; explicitFileType = wrapper.cfbundle; includeInIndex = 0; path = CrownStack_abhinavUITests.xctest; sourceTree = BUILT_PRODUCTS_DIR; };
		4565162626948923002D5CF8 /* CrownStack_abhinavUITests.swift */ = {isa = PBXFileReference; lastKnownFileType = sourcecode.swift; path = CrownStack_abhinavUITests.swift; sourceTree = "<group>"; };
		4565162826948923002D5CF8 /* Info.plist */ = {isa = PBXFileReference; lastKnownFileType = text.plist.xml; path = Info.plist; sourceTree = "<group>"; };
		4565163526948BAA002D5CF8 /* Common.swift */ = {isa = PBXFileReference; lastKnownFileType = sourcecode.swift; path = Common.swift; sourceTree = "<group>"; };
		4565163826948C0E002D5CF8 /* HttpUtility.swift */ = {isa = PBXFileReference; fileEncoding = 4; lastKnownFileType = sourcecode.swift; path = HttpUtility.swift; sourceTree = "<group>"; };
		457EC2E4269A8BAC004E7718 /* CardView.swift */ = {isa = PBXFileReference; lastKnownFileType = sourcecode.swift; path = CardView.swift; sourceTree = "<group>"; };
		457EC2E7269A8CC5004E7718 /* BaseViewControler.swift */ = {isa = PBXFileReference; lastKnownFileType = sourcecode.swift; path = BaseViewControler.swift; sourceTree = "<group>"; };
		457EC2E9269A8D46004E7718 /* SongDetilsViewController.swift */ = {isa = PBXFileReference; lastKnownFileType = sourcecode.swift; path = SongDetilsViewController.swift; sourceTree = "<group>"; };
		47D5C197F7754091585129A3 /* Pods-CrownStack_abhinavTests.debug.xcconfig */ = {isa = PBXFileReference; includeInIndex = 1; lastKnownFileType = text.xcconfig; name = "Pods-CrownStack_abhinavTests.debug.xcconfig"; path = "Target Support Files/Pods-CrownStack_abhinavTests/Pods-CrownStack_abhinavTests.debug.xcconfig"; sourceTree = "<group>"; };
		8853C62F3353746D43208FDA /* Pods_CrownStack_abhinav.framework */ = {isa = PBXFileReference; explicitFileType = wrapper.framework; includeInIndex = 0; path = Pods_CrownStack_abhinav.framework; sourceTree = BUILT_PRODUCTS_DIR; };
		CE5C3097C54252B6B89A846A /* Pods-CrownStack_abhinav.debug.xcconfig */ = {isa = PBXFileReference; includeInIndex = 1; lastKnownFileType = text.xcconfig; name = "Pods-CrownStack_abhinav.debug.xcconfig"; path = "Target Support Files/Pods-CrownStack_abhinav/Pods-CrownStack_abhinav.debug.xcconfig"; sourceTree = "<group>"; };
		DC30E5253737DD8EB1A5C2DA /* Pods-CrownStack_abhinav.release.xcconfig */ = {isa = PBXFileReference; includeInIndex = 1; lastKnownFileType = text.xcconfig; name = "Pods-CrownStack_abhinav.release.xcconfig"; path = "Target Support Files/Pods-CrownStack_abhinav/Pods-CrownStack_abhinav.release.xcconfig"; sourceTree = "<group>"; };
/* End PBXFileReference section */

/* Begin PBXFrameworksBuildPhase section */
		456515FE26948921002D5CF8 /* Frameworks */ = {
			isa = PBXFrameworksBuildPhase;
			buildActionMask = 2147483647;
			files = (
				799463D513715A4167D6194D /* Pods_CrownStack_abhinav.framework in Frameworks */,
			);
			runOnlyForDeploymentPostprocessing = 0;
		};
		4565161426948923002D5CF8 /* Frameworks */ = {
			isa = PBXFrameworksBuildPhase;
			buildActionMask = 2147483647;
			files = (
			);
			runOnlyForDeploymentPostprocessing = 0;
		};
		4565161F26948923002D5CF8 /* Frameworks */ = {
			isa = PBXFrameworksBuildPhase;
			buildActionMask = 2147483647;
			files = (
			);
			runOnlyForDeploymentPostprocessing = 0;
		};
/* End PBXFrameworksBuildPhase section */

/* Begin PBXGroup section */
		4500DD092696975F006C3496 /* Model */ = {
			isa = PBXGroup;
			children = (
				4500DD0A26969786006C3496 /* SongsModel.swift */,
			);
			path = Model;
			sourceTree = "<group>";
		};
		45521FAC269936CF00A71922 /* Frameworks */ = {
			isa = PBXGroup;
			children = (
				8853C62F3353746D43208FDA /* Pods_CrownStack_abhinav.framework */,
			);
			name = Frameworks;
			sourceTree = "<group>";
		};
		45521FB12699768400A71922 /* ViewModel */ = {
			isa = PBXGroup;
			children = (
				45521FB2269976D300A71922 /* SongViewModel.swift */,
			);
			path = ViewModel;
			sourceTree = "<group>";
		};
		45521FB4269987F500A71922 /* TabelViewCell */ = {
			isa = PBXGroup;
			children = (
				45521FB52699882000A71922 /* SongTableViewCell.swift */,
				45521FB926998DB300A71922 /* SongTableViewCell.xib */,
			);
			path = TabelViewCell;
			sourceTree = "<group>";
		};
		456515F826948921002D5CF8 = {
			isa = PBXGroup;
			children = (
				4565160326948921002D5CF8 /* CrownStack_abhinav */,
				4565161A26948923002D5CF8 /* CrownStack_abhinavTests */,
				4565162526948923002D5CF8 /* CrownStack_abhinavUITests */,
				4565160226948921002D5CF8 /* Products */,
				45521FAC269936CF00A71922 /* Frameworks */,
				AFE1CCD224005FA099D96AAF /* Pods */,
			);
			sourceTree = "<group>";
		};
		4565160226948921002D5CF8 /* Products */ = {
			isa = PBXGroup;
			children = (
				4565160126948921002D5CF8 /* CrownStack_abhinav.app */,
				4565161726948923002D5CF8 /* CrownStack_abhinavTests.xctest */,
				4565162226948923002D5CF8 /* CrownStack_abhinavUITests.xctest */,
			);
			name = Products;
			sourceTree = "<group>";
		};
		4565160326948921002D5CF8 /* CrownStack_abhinav */ = {
			isa = PBXGroup;
			children = (
				457EC2E6269A8CA7004E7718 /* Extention */,
				457EC2E3269A8B86004E7718 /* Views */,
				45521FB4269987F500A71922 /* TabelViewCell */,
				45521FB12699768400A71922 /* ViewModel */,
				4500DD092696975F006C3496 /* Model */,
				4565163726948BFA002D5CF8 /* Services */,
				4565163426948B8C002D5CF8 /* Common */,
				4593A070269AD87800952617 /* ViewControler */,
				4565160426948921002D5CF8 /* AppDelegate.swift */,
				4565160626948921002D5CF8 /* SceneDelegate.swift */,
				4565160A26948921002D5CF8 /* Main.storyboard */,
				4565160D26948923002D5CF8 /* Assets.xcassets */,
				4565160F26948923002D5CF8 /* LaunchScreen.storyboard */,
				4565161226948923002D5CF8 /* Info.plist */,
			);
			path = CrownStack_abhinav;
			sourceTree = "<group>";
		};
		4565161A26948923002D5CF8 /* CrownStack_abhinavTests */ = {
			isa = PBXGroup;
			children = (
				4565161B26948923002D5CF8 /* CrownStack_abhinavTests.swift */,
				4565161D26948923002D5CF8 /* Info.plist */,
			);
			path = CrownStack_abhinavTests;
			sourceTree = "<group>";
		};
		4565162526948923002D5CF8 /* CrownStack_abhinavUITests */ = {
			isa = PBXGroup;
			children = (
				4565162626948923002D5CF8 /* CrownStack_abhinavUITests.swift */,
				4565162826948923002D5CF8 /* Info.plist */,
			);
			path = CrownStack_abhinavUITests;
			sourceTree = "<group>";
		};
		4565163426948B8C002D5CF8 /* Common */ = {
			isa = PBXGroup;
			children = (
				4565163526948BAA002D5CF8 /* Common.swift */,
			);
			path = Common;
			sourceTree = "<group>";
		};
		4565163726948BFA002D5CF8 /* Services */ = {
			isa = PBXGroup;
			children = (
				4565163826948C0E002D5CF8 /* HttpUtility.swift */,
			);
			path = Services;
			sourceTree = "<group>";
		};
		457EC2E3269A8B86004E7718 /* Views */ = {
			isa = PBXGroup;
			children = (
				457EC2E4269A8BAC004E7718 /* CardView.swift */,
			);
			path = Views;
			sourceTree = "<group>";
		};
		457EC2E6269A8CA7004E7718 /* Extention */ = {
			isa = PBXGroup;
			children = (
				457EC2E7269A8CC5004E7718 /* BaseViewControler.swift */,
			);
			path = Extention;
			sourceTree = "<group>";
		};
		4593A070269AD87800952617 /* ViewControler */ = {
			isa = PBXGroup;
			children = (
				4565160826948921002D5CF8 /* SongslistingViewControler.swift */,
				457EC2E9269A8D46004E7718 /* SongDetilsViewController.swift */,
			);
			path = ViewControler;
			sourceTree = "<group>";
		};
		AFE1CCD224005FA099D96AAF /* Pods */ = {
			isa = PBXGroup;
			children = (
				CE5C3097C54252B6B89A846A /* Pods-CrownStack_abhinav.debug.xcconfig */,
				DC30E5253737DD8EB1A5C2DA /* Pods-CrownStack_abhinav.release.xcconfig */,
				03DF06B2DDE84650C4AA8E8B /* Pods-CrownStack_abhinav-CrownStack_abhinavUITests.debug.xcconfig */,
				2D49765618349896912AB3DE /* Pods-CrownStack_abhinav-CrownStack_abhinavUITests.release.xcconfig */,
				47D5C197F7754091585129A3 /* Pods-CrownStack_abhinavTests.debug.xcconfig */,
				36D7D9063A053049C2A64EBA /* Pods-CrownStack_abhinavTests.release.xcconfig */,
			);
			path = Pods;
			sourceTree = "<group>";
		};
/* End PBXGroup section */

/* Begin PBXNativeTarget section */
		4565160026948921002D5CF8 /* CrownStack_abhinav */ = {
			isa = PBXNativeTarget;
			buildConfigurationList = 4565162B26948923002D5CF8 /* Build configuration list for PBXNativeTarget "CrownStack_abhinav" */;
			buildPhases = (
				032367BEC0226FDDD0A35B40 /* [CP] Check Pods Manifest.lock */,
				456515FD26948921002D5CF8 /* Sources */,
				456515FE26948921002D5CF8 /* Frameworks */,
				456515FF26948921002D5CF8 /* Resources */,
				0D5B79C9EF25FE782015020F /* [CP] Embed Pods Frameworks */,
			);
			buildRules = (
			);
			dependencies = (
			);
			name = CrownStack_abhinav;
			productName = CrownStack_abhinav;
			productReference = 4565160126948921002D5CF8 /* CrownStack_abhinav.app */;
			productType = "com.apple.product-type.application";
		};
		4565161626948923002D5CF8 /* CrownStack_abhinavTests */ = {
			isa = PBXNativeTarget;
			buildConfigurationList = 4565162E26948923002D5CF8 /* Build configuration list for PBXNativeTarget "CrownStack_abhinavTests" */;
			buildPhases = (
				A9D33A314242090EE8AE149D /* [CP] Check Pods Manifest.lock */,
				4565161326948923002D5CF8 /* Sources */,
				4565161426948923002D5CF8 /* Frameworks */,
				4565161526948923002D5CF8 /* Resources */,
			);
			buildRules = (
			);
			dependencies = (
				4565161926948923002D5CF8 /* PBXTargetDependency */,
			);
			name = CrownStack_abhinavTests;
			productName = CrownStack_abhinavTests;
			productReference = 4565161726948923002D5CF8 /* CrownStack_abhinavTests.xctest */;
			productType = "com.apple.product-type.bundle.unit-test";
		};
		4565162126948923002D5CF8 /* CrownStack_abhinavUITests */ = {
			isa = PBXNativeTarget;
			buildConfigurationList = 4565163126948923002D5CF8 /* Build configuration list for PBXNativeTarget "CrownStack_abhinavUITests" */;
			buildPhases = (
				8BC22DE8E9F8F545F5A5CB44 /* [CP] Check Pods Manifest.lock */,
				4565161E26948923002D5CF8 /* Sources */,
				4565161F26948923002D5CF8 /* Frameworks */,
				4565162026948923002D5CF8 /* Resources */,
				5CDBCF93D49D545704814924 /* [CP] Embed Pods Frameworks */,
			);
			buildRules = (
			);
			dependencies = (
				4565162426948923002D5CF8 /* PBXTargetDependency */,
			);
			name = CrownStack_abhinavUITests;
			productName = CrownStack_abhinavUITests;
			productReference = 4565162226948923002D5CF8 /* CrownStack_abhinavUITests.xctest */;
			productType = "com.apple.product-type.bundle.ui-testing";
		};
/* End PBXNativeTarget section */

/* Begin PBXProject section */
		456515F926948921002D5CF8 /* Project object */ = {
			isa = PBXProject;
			attributes = {
				LastSwiftUpdateCheck = 1250;
				LastUpgradeCheck = 1250;
				TargetAttributes = {
					4565160026948921002D5CF8 = {
						CreatedOnToolsVersion = 12.5.1;
					};
					4565161626948923002D5CF8 = {
						CreatedOnToolsVersion = 12.5.1;
						TestTargetID = 4565160026948921002D5CF8;
					};
					4565162126948923002D5CF8 = {
						CreatedOnToolsVersion = 12.5.1;
						TestTargetID = 4565160026948921002D5CF8;
					};
				};
			};
			buildConfigurationList = 456515FC26948921002D5CF8 /* Build configuration list for PBXProject "CrownStack_abhinav" */;
			compatibilityVersion = "Xcode 9.3";
			developmentRegion = en;
			hasScannedForEncodings = 0;
			knownRegions = (
				en,
				Base,
			);
			mainGroup = 456515F826948921002D5CF8;
			productRefGroup = 4565160226948921002D5CF8 /* Products */;
			projectDirPath = "";
			projectRoot = "";
			targets = (
				4565160026948921002D5CF8 /* CrownStack_abhinav */,
				4565161626948923002D5CF8 /* CrownStack_abhinavTests */,
				4565162126948923002D5CF8 /* CrownStack_abhinavUITests */,
			);
		};
/* End PBXProject section */

/* Begin PBXResourcesBuildPhase section */
		456515FF26948921002D5CF8 /* Resources */ = {
			isa = PBXResourcesBuildPhase;
			buildActionMask = 2147483647;
			files = (
				45521FBA26998DB300A71922 /* SongTableViewCell.xib in Resources */,
				4565161126948923002D5CF8 /* LaunchScreen.storyboard in Resources */,
				4565160E26948923002D5CF8 /* Assets.xcassets in Resources */,
				4565160C26948921002D5CF8 /* Main.storyboard in Resources */,
			);
			runOnlyForDeploymentPostprocessing = 0;
		};
		4565161526948923002D5CF8 /* Resources */ = {
			isa = PBXResourcesBuildPhase;
			buildActionMask = 2147483647;
			files = (
			);
			runOnlyForDeploymentPostprocessing = 0;
		};
		4565162026948923002D5CF8 /* Resources */ = {
			isa = PBXResourcesBuildPhase;
			buildActionMask = 2147483647;
			files = (
			);
			runOnlyForDeploymentPostprocessing = 0;
		};
/* End PBXResourcesBuildPhase section */

/* Begin PBXShellScriptBuildPhase section */
		032367BEC0226FDDD0A35B40 /* [CP] Check Pods Manifest.lock */ = {
			isa = PBXShellScriptBuildPhase;
			buildActionMask = 2147483647;
			files = (
			);
			inputFileListPaths = (
			);
			inputPaths = (
				"${PODS_PODFILE_DIR_PATH}/Podfile.lock",
				"${PODS_ROOT}/Manifest.lock",
			);
			name = "[CP] Check Pods Manifest.lock";
			outputFileListPaths = (
			);
			outputPaths = (
				"$(DERIVED_FILE_DIR)/Pods-CrownStack_abhinav-checkManifestLockResult.txt",
			);
			runOnlyForDeploymentPostprocessing = 0;
			shellPath = /bin/sh;
			shellScript = "diff \"${PODS_PODFILE_DIR_PATH}/Podfile.lock\" \"${PODS_ROOT}/Manifest.lock\" > /dev/null\nif [ $? != 0 ] ; then\n    # print error to STDERR\n    echo \"error: The sandbox is not in sync with the Podfile.lock. Run 'pod install' or update your CocoaPods installation.\" >&2\n    exit 1\nfi\n# This output is used by Xcode 'outputs' to avoid re-running this script phase.\necho \"SUCCESS\" > \"${SCRIPT_OUTPUT_FILE_0}\"\n";
			showEnvVarsInLog = 0;
		};
		0D5B79C9EF25FE782015020F /* [CP] Embed Pods Frameworks */ = {
			isa = PBXShellScriptBuildPhase;
			buildActionMask = 2147483647;
			files = (
			);
			inputFileListPaths = (
				"${PODS_ROOT}/Target Support Files/Pods-CrownStack_abhinav/Pods-CrownStack_abhinav-frameworks-${CONFIGURATION}-input-files.xcfilelist",
			);
			name = "[CP] Embed Pods Frameworks";
			outputFileListPaths = (
				"${PODS_ROOT}/Target Support Files/Pods-CrownStack_abhinav/Pods-CrownStack_abhinav-frameworks-${CONFIGURATION}-output-files.xcfilelist",
			);
			runOnlyForDeploymentPostprocessing = 0;
			shellPath = /bin/sh;
			shellScript = "\"${PODS_ROOT}/Target Support Files/Pods-CrownStack_abhinav/Pods-CrownStack_abhinav-frameworks.sh\"\n";
			showEnvVarsInLog = 0;
		};
		5CDBCF93D49D545704814924 /* [CP] Embed Pods Frameworks */ = {
			isa = PBXShellScriptBuildPhase;
			buildActionMask = 2147483647;
			files = (
			);
			inputFileListPaths = (
				"${PODS_ROOT}/Target Support Files/Pods-CrownStack_abhinav-CrownStack_abhinavUITests/Pods-CrownStack_abhinav-CrownStack_abhinavUITests-frameworks-${CONFIGURATION}-input-files.xcfilelist",
			);
			name = "[CP] Embed Pods Frameworks";
			outputFileListPaths = (
				"${PODS_ROOT}/Target Support Files/Pods-CrownStack_abhinav-CrownStack_abhinavUITests/Pods-CrownStack_abhinav-CrownStack_abhinavUITests-frameworks-${CONFIGURATION}-output-files.xcfilelist",
			);
			runOnlyForDeploymentPostprocessing = 0;
			shellPath = /bin/sh;
			shellScript = "\"${PODS_ROOT}/Target Support Files/Pods-CrownStack_abhinav-CrownStack_abhinavUITests/Pods-CrownStack_abhinav-CrownStack_abhinavUITests-frameworks.sh\"\n";
			showEnvVarsInLog = 0;
		};
		8BC22DE8E9F8F545F5A5CB44 /* [CP] Check Pods Manifest.lock */ = {
			isa = PBXShellScriptBuildPhase;
			buildActionMask = 2147483647;
			files = (
			);
			inputFileListPaths = (
			);
			inputPaths = (
				"${PODS_PODFILE_DIR_PATH}/Podfile.lock",
				"${PODS_ROOT}/Manifest.lock",
			);
			name = "[CP] Check Pods Manifest.lock";
			outputFileListPaths = (
			);
			outputPaths = (
				"$(DERIVED_FILE_DIR)/Pods-CrownStack_abhinav-CrownStack_abhinavUITests-checkManifestLockResult.txt",
			);
			runOnlyForDeploymentPostprocessing = 0;
			shellPath = /bin/sh;
			shellScript = "diff \"${PODS_PODFILE_DIR_PATH}/Podfile.lock\" \"${PODS_ROOT}/Manifest.lock\" > /dev/null\nif [ $? != 0 ] ; then\n    # print error to STDERR\n    echo \"error: The sandbox is not in sync with the Podfile.lock. Run 'pod install' or update your CocoaPods installation.\" >&2\n    exit 1\nfi\n# This output is used by Xcode 'outputs' to avoid re-running this script phase.\necho \"SUCCESS\" > \"${SCRIPT_OUTPUT_FILE_0}\"\n";
			showEnvVarsInLog = 0;
		};
		A9D33A314242090EE8AE149D /* [CP] Check Pods Manifest.lock */ = {
			isa = PBXShellScriptBuildPhase;
			buildActionMask = 2147483647;
			files = (
			);
			inputFileListPaths = (
			);
			inputPaths = (
				"${PODS_PODFILE_DIR_PATH}/Podfile.lock",
				"${PODS_ROOT}/Manifest.lock",
			);
			name = "[CP] Check Pods Manifest.lock";
			outputFileListPaths = (
			);
			outputPaths = (
				"$(DERIVED_FILE_DIR)/Pods-CrownStack_abhinavTests-checkManifestLockResult.txt",
			);
			runOnlyForDeploymentPostprocessing = 0;
			shellPath = /bin/sh;
			shellScript = "diff \"${PODS_PODFILE_DIR_PATH}/Podfile.lock\" \"${PODS_ROOT}/Manifest.lock\" > /dev/null\nif [ $? != 0 ] ; then\n    # print error to STDERR\n    echo \"error: The sandbox is not in sync with the Podfile.lock. Run 'pod install' or update your CocoaPods installation.\" >&2\n    exit 1\nfi\n# This output is used by Xcode 'outputs' to avoid re-running this script phase.\necho \"SUCCESS\" > \"${SCRIPT_OUTPUT_FILE_0}\"\n";
			showEnvVarsInLog = 0;
		};
/* End PBXShellScriptBuildPhase section */

/* Begin PBXSourcesBuildPhase section */
		456515FD26948921002D5CF8 /* Sources */ = {
			isa = PBXSourcesBuildPhase;
			buildActionMask = 2147483647;
			files = (
				457EC2E8269A8CC5004E7718 /* BaseViewControler.swift in Sources */,
				45521FB3269976D300A71922 /* SongViewModel.swift in Sources */,
				457EC2EA269A8D46004E7718 /* SongDetilsViewController.swift in Sources */,
				457EC2E5269A8BAC004E7718 /* CardView.swift in Sources */,
				4565163926948C0E002D5CF8 /* HttpUtility.swift in Sources */,
				4565163626948BAA002D5CF8 /* Common.swift in Sources */,
				4500DD0B26969786006C3496 /* SongsModel.swift in Sources */,
				45521FB62699882000A71922 /* SongTableViewCell.swift in Sources */,
				4565160926948921002D5CF8 /* SongslistingViewControler.swift in Sources */,
				4565160526948921002D5CF8 /* AppDelegate.swift in Sources */,
				4565160726948921002D5CF8 /* SceneDelegate.swift in Sources */,
			);
			runOnlyForDeploymentPostprocessing = 0;
		};
		4565161326948923002D5CF8 /* Sources */ = {
			isa = PBXSourcesBuildPhase;
			buildActionMask = 2147483647;
			files = (
				4565161C26948923002D5CF8 /* CrownStack_abhinavTests.swift in Sources */,
			);
			runOnlyForDeploymentPostprocessing = 0;
		};
		4565161E26948923002D5CF8 /* Sources */ = {
			isa = PBXSourcesBuildPhase;
			buildActionMask = 2147483647;
			files = (
				4565162726948923002D5CF8 /* CrownStack_abhinavUITests.swift in Sources */,
			);
			runOnlyForDeploymentPostprocessing = 0;
		};
/* End PBXSourcesBuildPhase section */

/* Begin PBXTargetDependency section */
		4565161926948923002D5CF8 /* PBXTargetDependency */ = {
			isa = PBXTargetDependency;
			target = 4565160026948921002D5CF8 /* CrownStack_abhinav */;
			targetProxy = 4565161826948923002D5CF8 /* PBXContainerItemProxy */;
		};
		4565162426948923002D5CF8 /* PBXTargetDependency */ = {
			isa = PBXTargetDependency;
			target = 4565160026948921002D5CF8 /* CrownStack_abhinav */;
			targetProxy = 4565162326948923002D5CF8 /* PBXContainerItemProxy */;
		};
/* End PBXTargetDependency section */

/* Begin PBXVariantGroup section */
		4565160A26948921002D5CF8 /* Main.storyboard */ = {
			isa = PBXVariantGroup;
			children = (
				4565160B26948921002D5CF8 /* Base */,
			);
			name = Main.storyboard;
			sourceTree = "<group>";
		};
		4565160F26948923002D5CF8 /* LaunchScreen.storyboard */ = {
			isa = PBXVariantGroup;
			children = (
				4565161026948923002D5CF8 /* Base */,
			);
			name = LaunchScreen.storyboard;
			sourceTree = "<group>";
		};
/* End PBXVariantGroup section */

/* Begin XCBuildConfiguration section */
		4565162926948923002D5CF8 /* Debug */ = {
			isa = XCBuildConfiguration;
			buildSettings = {
				ALWAYS_SEARCH_USER_PATHS = NO;
				CLANG_ANALYZER_NONNULL = YES;
				CLANG_ANALYZER_NUMBER_OBJECT_CONVERSION = YES_AGGRESSIVE;
				CLANG_CXX_LANGUAGE_STANDARD = "gnu++14";
				CLANG_CXX_LIBRARY = "libc++";
				CLANG_ENABLE_MODULES = YES;
				CLANG_ENABLE_OBJC_ARC = YES;
				CLANG_ENABLE_OBJC_WEAK = YES;
				CLANG_WARN_BLOCK_CAPTURE_AUTORELEASING = YES;
				CLANG_WARN_BOOL_CONVERSION = YES;
				CLANG_WARN_COMMA = YES;
				CLANG_WARN_CONSTANT_CONVERSION = YES;
				CLANG_WARN_DEPRECATED_OBJC_IMPLEMENTATIONS = YES;
				CLANG_WARN_DIRECT_OBJC_ISA_USAGE = YES_ERROR;
				CLANG_WARN_DOCUMENTATION_COMMENTS = YES;
				CLANG_WARN_EMPTY_BODY = YES;
				CLANG_WARN_ENUM_CONVERSION = YES;
				CLANG_WARN_INFINITE_RECURSION = YES;
				CLANG_WARN_INT_CONVERSION = YES;
				CLANG_WARN_NON_LITERAL_NULL_CONVERSION = YES;
				CLANG_WARN_OBJC_IMPLICIT_RETAIN_SELF = YES;
				CLANG_WARN_OBJC_LITERAL_CONVERSION = YES;
				CLANG_WARN_OBJC_ROOT_CLASS = YES_ERROR;
				CLANG_WARN_QUOTED_INCLUDE_IN_FRAMEWORK_HEADER = YES;
				CLANG_WARN_RANGE_LOOP_ANALYSIS = YES;
				CLANG_WARN_STRICT_PROTOTYPES = YES;
				CLANG_WARN_SUSPICIOUS_MOVE = YES;
				CLANG_WARN_UNGUARDED_AVAILABILITY = YES_AGGRESSIVE;
				CLANG_WARN_UNREACHABLE_CODE = YES;
				CLANG_WARN__DUPLICATE_METHOD_MATCH = YES;
				COPY_PHASE_STRIP = NO;
				DEBUG_INFORMATION_FORMAT = dwarf;
				ENABLE_STRICT_OBJC_MSGSEND = YES;
				ENABLE_TESTABILITY = YES;
				GCC_C_LANGUAGE_STANDARD = gnu11;
				GCC_DYNAMIC_NO_PIC = NO;
				GCC_NO_COMMON_BLOCKS = YES;
				GCC_OPTIMIZATION_LEVEL = 0;
				GCC_PREPROCESSOR_DEFINITIONS = (
					"DEBUG=1",
					"$(inherited)",
				);
				GCC_WARN_64_TO_32_BIT_CONVERSION = YES;
				GCC_WARN_ABOUT_RETURN_TYPE = YES_ERROR;
				GCC_WARN_UNDECLARED_SELECTOR = YES;
				GCC_WARN_UNINITIALIZED_AUTOS = YES_AGGRESSIVE;
				GCC_WARN_UNUSED_FUNCTION = YES;
				GCC_WARN_UNUSED_VARIABLE = YES;
				IPHONEOS_DEPLOYMENT_TARGET = 14.5;
				MTL_ENABLE_DEBUG_INFO = INCLUDE_SOURCE;
				MTL_FAST_MATH = YES;
				ONLY_ACTIVE_ARCH = YES;
				SDKROOT = iphoneos;
				SWIFT_ACTIVE_COMPILATION_CONDITIONS = DEBUG;
				SWIFT_OPTIMIZATION_LEVEL = "-Onone";
			};
			name = Debug;
		};
		4565162A26948923002D5CF8 /* Release */ = {
			isa = XCBuildConfiguration;
			buildSettings = {
				ALWAYS_SEARCH_USER_PATHS = NO;
				CLANG_ANALYZER_NONNULL = YES;
				CLANG_ANALYZER_NUMBER_OBJECT_CONVERSION = YES_AGGRESSIVE;
				CLANG_CXX_LANGUAGE_STANDARD = "gnu++14";
				CLANG_CXX_LIBRARY = "libc++";
				CLANG_ENABLE_MODULES = YES;
				CLANG_ENABLE_OBJC_ARC = YES;
				CLANG_ENABLE_OBJC_WEAK = YES;
				CLANG_WARN_BLOCK_CAPTURE_AUTORELEASING = YES;
				CLANG_WARN_BOOL_CONVERSION = YES;
				CLANG_WARN_COMMA = YES;
				CLANG_WARN_CONSTANT_CONVERSION = YES;
				CLANG_WARN_DEPRECATED_OBJC_IMPLEMENTATIONS = YES;
				CLANG_WARN_DIRECT_OBJC_ISA_USAGE = YES_ERROR;
				CLANG_WARN_DOCUMENTATION_COMMENTS = YES;
				CLANG_WARN_EMPTY_BODY = YES;
				CLANG_WARN_ENUM_CONVERSION = YES;
				CLANG_WARN_INFINITE_RECURSION = YES;
				CLANG_WARN_INT_CONVERSION = YES;
				CLANG_WARN_NON_LITERAL_NULL_CONVERSION = YES;
				CLANG_WARN_OBJC_IMPLICIT_RETAIN_SELF = YES;
				CLANG_WARN_OBJC_LITERAL_CONVERSION = YES;
				CLANG_WARN_OBJC_ROOT_CLASS = YES_ERROR;
				CLANG_WARN_QUOTED_INCLUDE_IN_FRAMEWORK_HEADER = YES;
				CLANG_WARN_RANGE_LOOP_ANALYSIS = YES;
				CLANG_WARN_STRICT_PROTOTYPES = YES;
				CLANG_WARN_SUSPICIOUS_MOVE = YES;
				CLANG_WARN_UNGUARDED_AVAILABILITY = YES_AGGRESSIVE;
				CLANG_WARN_UNREACHABLE_CODE = YES;
				CLANG_WARN__DUPLICATE_METHOD_MATCH = YES;
				COPY_PHASE_STRIP = NO;
				DEBUG_INFORMATION_FORMAT = "dwarf-with-dsym";
				ENABLE_NS_ASSERTIONS = NO;
				ENABLE_STRICT_OBJC_MSGSEND = YES;
				GCC_C_LANGUAGE_STANDARD = gnu11;
				GCC_NO_COMMON_BLOCKS = YES;
				GCC_WARN_64_TO_32_BIT_CONVERSION = YES;
				GCC_WARN_ABOUT_RETURN_TYPE = YES_ERROR;
				GCC_WARN_UNDECLARED_SELECTOR = YES;
				GCC_WARN_UNINITIALIZED_AUTOS = YES_AGGRESSIVE;
				GCC_WARN_UNUSED_FUNCTION = YES;
				GCC_WARN_UNUSED_VARIABLE = YES;
				IPHONEOS_DEPLOYMENT_TARGET = 14.5;
				MTL_ENABLE_DEBUG_INFO = NO;
				MTL_FAST_MATH = YES;
				SDKROOT = iphoneos;
				SWIFT_COMPILATION_MODE = wholemodule;
				SWIFT_OPTIMIZATION_LEVEL = "-O";
				VALIDATE_PRODUCT = YES;
			};
			name = Release;
		};
		4565162C26948923002D5CF8 /* Debug */ = {
			isa = XCBuildConfiguration;
			baseConfigurationReference = CE5C3097C54252B6B89A846A /* Pods-CrownStack_abhinav.debug.xcconfig */;
			buildSettings = {
				ASSETCATALOG_COMPILER_APPICON_NAME = AppIcon;
				ASSETCATALOG_COMPILER_GLOBAL_ACCENT_COLOR_NAME = AccentColor;
				CODE_SIGN_STYLE = Automatic;
				DEVELOPMENT_TEAM = H9689TFZZV;
				INFOPLIST_FILE = CrownStack_abhinav/Info.plist;
				LD_RUNPATH_SEARCH_PATHS = (
					"$(inherited)",
					"@executable_path/Frameworks",
				);
				PRODUCT_BUNDLE_IDENTIFIER = "com.abhinav.com.CrownStack-abhinav";
				PRODUCT_NAME = "$(TARGET_NAME)";
				SWIFT_VERSION = 5.0;
				TARGETED_DEVICE_FAMILY = "1,2";
			};
			name = Debug;
		};
		4565162D26948923002D5CF8 /* Release */ = {
			isa = XCBuildConfiguration;
			baseConfigurationReference = DC30E5253737DD8EB1A5C2DA /* Pods-CrownStack_abhinav.release.xcconfig */;
			buildSettings = {
				ASSETCATALOG_COMPILER_APPICON_NAME = AppIcon;
				ASSETCATALOG_COMPILER_GLOBAL_ACCENT_COLOR_NAME = AccentColor;
				CODE_SIGN_STYLE = Automatic;
				DEVELOPMENT_TEAM = H9689TFZZV;
				INFOPLIST_FILE = CrownStack_abhinav/Info.plist;
				LD_RUNPATH_SEARCH_PATHS = (
					"$(inherited)",
					"@executable_path/Frameworks",
				);
				PRODUCT_BUNDLE_IDENTIFIER = "com.abhinav.com.CrownStack-abhinav";
				PRODUCT_NAME = "$(TARGET_NAME)";
				SWIFT_VERSION = 5.0;
				TARGETED_DEVICE_FAMILY = "1,2";
			};
			name = Release;
		};
		4565162F26948923002D5CF8 /* Debug */ = {
			isa = XCBuildConfiguration;
			baseConfigurationReference = 47D5C197F7754091585129A3 /* Pods-CrownStack_abhinavTests.debug.xcconfig */;
			buildSettings = {
				ALWAYS_EMBED_SWIFT_STANDARD_LIBRARIES = YES;
				BUNDLE_LOADER = "$(TEST_HOST)";
				CODE_SIGN_STYLE = Automatic;
				DEVELOPMENT_TEAM = H9689TFZZV;
				INFOPLIST_FILE = CrownStack_abhinavTests/Info.plist;
				IPHONEOS_DEPLOYMENT_TARGET = 14.5;
				LD_RUNPATH_SEARCH_PATHS = (
					"$(inherited)",
					"@executable_path/Frameworks",
					"@loader_path/Frameworks",
				);
				PRODUCT_BUNDLE_IDENTIFIER = "com.abhinav.com.CrownStack-abhinavTests";
				PRODUCT_NAME = "$(TARGET_NAME)";
				SWIFT_VERSION = 5.0;
				TARGETED_DEVICE_FAMILY = "1,2";
				TEST_HOST = "$(BUILT_PRODUCTS_DIR)/CrownStack_abhinav.app/CrownStack_abhinav";
			};
			name = Debug;
		};
		4565163026948923002D5CF8 /* Release */ = {
			isa = XCBuildConfiguration;
			baseConfigurationReference = 36D7D9063A053049C2A64EBA /* Pods-CrownStack_abhinavTests.release.xcconfig */;
			buildSettings = {
				ALWAYS_EMBED_SWIFT_STANDARD_LIBRARIES = YES;
				BUNDLE_LOADER = "$(TEST_HOST)";
				CODE_SIGN_STYLE = Automatic;
				DEVELOPMENT_TEAM = H9689TFZZV;
				INFOPLIST_FILE = CrownStack_abhinavTests/Info.plist;
				IPHONEOS_DEPLOYMENT_TARGET = 14.5;
				LD_RUNPATH_SEARCH_PATHS = (
					"$(inherited)",
					"@executable_path/Frameworks",
					"@loader_path/Frameworks",
				);
				PRODUCT_BUNDLE_IDENTIFIER = "com.abhinav.com.CrownStack-abhinavTests";
				PRODUCT_NAME = "$(TARGET_NAME)";
				SWIFT_VERSION = 5.0;
				TARGETED_DEVICE_FAMILY = "1,2";
				TEST_HOST = "$(BUILT_PRODUCTS_DIR)/CrownStack_abhinav.app/CrownStack_abhinav";
			};
			name = Release;
		};
		4565163226948923002D5CF8 /* Debug */ = {
			isa = XCBuildConfiguration;
			baseConfigurationReference = 03DF06B2DDE84650C4AA8E8B /* Pods-CrownStack_abhinav-CrownStack_abhinavUITests.debug.xcconfig */;
			buildSettings = {
				ALWAYS_EMBED_SWIFT_STANDARD_LIBRARIES = YES;
				CODE_SIGN_STYLE = Automatic;
				DEVELOPMENT_TEAM = H9689TFZZV;
				INFOPLIST_FILE = CrownStack_abhinavUITests/Info.plist;
				LD_RUNPATH_SEARCH_PATHS = (
					"$(inherited)",
					"@executable_path/Frameworks",
					"@loader_path/Frameworks",
				);
				PRODUCT_BUNDLE_IDENTIFIER = "com.abhinav.com.CrownStack-abhinavUITests";
				PRODUCT_NAME = "$(TARGET_NAME)";
				SWIFT_VERSION = 5.0;
				TARGETED_DEVICE_FAMILY = "1,2";
				TEST_TARGET_NAME = CrownStack_abhinav;
			};
			name = Debug;
		};
		4565163326948923002D5CF8 /* Release */ = {
			isa = XCBuildConfiguration;
			baseConfigurationReference = 2D49765618349896912AB3DE /* Pods-CrownStack_abhinav-CrownStack_abhinavUITests.release.xcconfig */;
			buildSettings = {
				ALWAYS_EMBED_SWIFT_STANDARD_LIBRARIES = YES;
				CODE_SIGN_STYLE = Automatic;
				DEVELOPMENT_TEAM = H9689TFZZV;
				INFOPLIST_FILE = CrownStack_abhinavUITests/Info.plist;
				LD_RUNPATH_SEARCH_PATHS = (
					"$(inherited)",
					"@executable_path/Frameworks",
					"@loader_path/Frameworks",
				);
				PRODUCT_BUNDLE_IDENTIFIER = "com.abhinav.com.CrownStack-abhinavUITests";
				PRODUCT_NAME = "$(TARGET_NAME)";
				SWIFT_VERSION = 5.0;
				TARGETED_DEVICE_FAMILY = "1,2";
				TEST_TARGET_NAME = CrownStack_abhinav;
			};
			name = Release;
		};
/* End XCBuildConfiguration section */

/* Begin XCConfigurationList section */
		456515FC26948921002D5CF8 /* Build configuration list for PBXProject "CrownStack_abhinav" */ = {
			isa = XCConfigurationList;
			buildConfigurations = (
				4565162926948923002D5CF8 /* Debug */,
				4565162A26948923002D5CF8 /* Release */,
			);
			defaultConfigurationIsVisible = 0;
			defaultConfigurationName = Release;
		};
		4565162B26948923002D5CF8 /* Build configuration list for PBXNativeTarget "CrownStack_abhinav" */ = {
			isa = XCConfigurationList;
			buildConfigurations = (
				4565162C26948923002D5CF8 /* Debug */,
				4565162D26948923002D5CF8 /* Release */,
			);
			defaultConfigurationIsVisible = 0;
			defaultConfigurationName = Release;
		};
		4565162E26948923002D5CF8 /* Build configuration list for PBXNativeTarget "CrownStack_abhinavTests" */ = {
			isa = XCConfigurationList;
			buildConfigurations = (
				4565162F26948923002D5CF8 /* Debug */,
				4565163026948923002D5CF8 /* Release */,
			);
			defaultConfigurationIsVisible = 0;
			defaultConfigurationName = Release;
		};
		4565163126948923002D5CF8 /* Build configuration list for PBXNativeTarget "CrownStack_abhinavUITests" */ = {
			isa = XCConfigurationList;
			buildConfigurations = (
				4565163226948923002D5CF8 /* Debug */,
				4565163326948923002D5CF8 /* Release */,
			);
			defaultConfigurationIsVisible = 0;
			defaultConfigurationName = Release;
		};
/* End XCConfigurationList section */
	};
	rootObject = 456515F926948921002D5CF8 /* Project object */;
}
